
Microsoft Visual Studio Solution File, Format Version 12.00
# Visual Studio Version 16
VisualStudioVersion = 16.0.31729.503
MinimumVisualStudioVersion = 10.0.40219.1
Project("{FAE04EC0-301F-11D3-BF4B-00C04F79EFBC}") = "FileIODemo", "FileIODemo\FileIODemo.csproj", "{057B98D7-8DAF-4B7F-971E-6DDCCF8B0B0C}"
EndProject
Global
	GlobalSection(SolutionConfigurationPlatforms) = preSolution
		Debug|Any CPU = Debug|Any CPU
		Release|Any CPU = Release|Any CPU
	EndGlobalSection
	GlobalSection(ProjectConfigurationPlatforms) = postSolution
		{057B98D7-8DAF-4B7F-971E-6DDCCF8B0B0C}.Debug|Any CPU.ActiveCfg = Debug|Any CPU
		{057B98D7-8DAF-4B7F-971E-6DDCCF8B0B0C}.Debug|Any CPU.Build.0 = Debug|Any CPU
		{057B98D7-8DAF-4B7F-971E-6DDCCF8B0B0C}.Release|Any CPU.ActiveCfg = Release|Any CPU
		{057B98D7-8DAF-4B7F-971E-6DDCCF8B0B0C}.Release|Any CPU.Build.0 = Release|Any CPU
	EndGlobalSection
	GlobalSection(SolutionProperties) = preSolution
		HideSolutionNode = FALSE
	EndGlobalSection
	GlobalSection(ExtensibilityGlobals) = postSolution
		SolutionGuid = {F1E9517A-E1D0-4F35-AC0F-F47BBD2AD445}
	EndGlobalSection
EndGlobal
